
Microsoft Visual Studio Solution File, Format Version 12.00
# Visual Studio 15
VisualStudioVersion = 15.0.27428.2002
MinimumVisualStudioVersion = 10.0.40219.1
Project("{FAE04EC0-301F-11D3-BF4B-00C04F79EFBC}") = "Panacea.Communcation.Management.UI", "Panacea.Communcation.Management.UI\Panacea.Communcation.Management.UI.csproj", "{A6B6247D-CB0B-4F32-B100-DAC1D8BFA98E}"
EndProject
Project("{FAE04EC0-301F-11D3-BF4B-00C04F79EFBC}") = "Panacea.Communcation.Management.UI.Tests", "Panacea.Communcation.Management.UI.Tests\Panacea.Communcation.Management.UI.Tests.csproj", "{D2247278-682B-4100-9110-E6D01AF09F53}"
EndProject
Project("{FAE04EC0-301F-11D3-BF4B-00C04F79EFBC}") = "Panacea.Communcation.Management.Business", "Panacea.Communcation.Management.Data\Panacea.Communcation.Management.Business.csproj", "{DD991F6D-CFAE-49B9-B93D-9E2C6C84B023}"
EndProject
Project("{00D1A9C2-B5F0-4AF3-8072-F6C62B433612}") = "Panacea.Communcation.Management.Database", "Panacea.Communcation.Management.Database\Panacea.Communcation.Management.Database.sqlproj", "{07CBFE5E-962C-4CF6-870B-A6D2E199F02B}"
EndProject
Global
	GlobalSection(SolutionConfigurationPlatforms) = preSolution
		Debug|Any CPU = Debug|Any CPU
		Release|Any CPU = Release|Any CPU
	EndGlobalSection
	GlobalSection(ProjectConfigurationPlatforms) = postSolution
		{A6B6247D-CB0B-4F32-B100-DAC1D8BFA98E}.Debug|Any CPU.ActiveCfg = Debug|Any CPU
		{A6B6247D-CB0B-4F32-B100-DAC1D8BFA98E}.Debug|Any CPU.Build.0 = Debug|Any CPU
		{A6B6247D-CB0B-4F32-B100-DAC1D8BFA98E}.Release|Any CPU.ActiveCfg = Release|Any CPU
		{A6B6247D-CB0B-4F32-B100-DAC1D8BFA98E}.Release|Any CPU.Build.0 = Release|Any CPU
		{D2247278-682B-4100-9110-E6D01AF09F53}.Debug|Any CPU.ActiveCfg = Debug|Any CPU
		{D2247278-682B-4100-9110-E6D01AF09F53}.Debug|Any CPU.Build.0 = Debug|Any CPU
		{D2247278-682B-4100-9110-E6D01AF09F53}.Release|Any CPU.ActiveCfg = Release|Any CPU
		{D2247278-682B-4100-9110-E6D01AF09F53}.Release|Any CPU.Build.0 = Release|Any CPU
		{DD991F6D-CFAE-49B9-B93D-9E2C6C84B023}.Debug|Any CPU.ActiveCfg = Debug|Any CPU
		{DD991F6D-CFAE-49B9-B93D-9E2C6C84B023}.Debug|Any CPU.Build.0 = Debug|Any CPU
		{DD991F6D-CFAE-49B9-B93D-9E2C6C84B023}.Release|Any CPU.ActiveCfg = Release|Any CPU
		{DD991F6D-CFAE-49B9-B93D-9E2C6C84B023}.Release|Any CPU.Build.0 = Release|Any CPU
		{07CBFE5E-962C-4CF6-870B-A6D2E199F02B}.Debug|Any CPU.ActiveCfg = Debug|Any CPU
		{07CBFE5E-962C-4CF6-870B-A6D2E199F02B}.Debug|Any CPU.Build.0 = Debug|Any CPU
		{07CBFE5E-962C-4CF6-870B-A6D2E199F02B}.Debug|Any CPU.Deploy.0 = Debug|Any CPU
		{07CBFE5E-962C-4CF6-870B-A6D2E199F02B}.Release|Any CPU.ActiveCfg = Release|Any CPU
		{07CBFE5E-962C-4CF6-870B-A6D2E199F02B}.Release|Any CPU.Build.0 = Release|Any CPU
		{07CBFE5E-962C-4CF6-870B-A6D2E199F02B}.Release|Any CPU.Deploy.0 = Release|Any CPU
	EndGlobalSection
	GlobalSection(SolutionProperties) = preSolution
		HideSolutionNode = FALSE
	EndGlobalSection
	GlobalSection(ExtensibilityGlobals) = postSolution
		SolutionGuid = {19D1A251-9695-4622-A84E-852BA2F37611}
	EndGlobalSection
EndGlobal
